// !$*UTF8*$!
{
	archiveVersion = 1;
	classes = {
	};
	objectVersion = 56;
	objects = {

/* Begin PBXBuildFile section */
		C6BA9BFF2C9FDE200050E58B /* GitHubSampleApp.swift in Sources */ = {isa = PBXBuildFile; fileRef = C6BA9BFE2C9FDE200050E58B /* GitHubSampleApp.swift */; };
		C6BA9C012C9FDE200050E58B /* ContentView.swift in Sources */ = {isa = PBXBuildFile; fileRef = C6BA9C002C9FDE200050E58B /* ContentView.swift */; };
		C6BA9C032C9FDE230050E58B /* Assets.xcassets in Resources */ = {isa = PBXBuildFile; fileRef = C6BA9C022C9FDE230050E58B /* Assets.xcassets */; };
		C6BA9C072C9FDE230050E58B /* Preview Assets.xcassets in Resources */ = {isa = PBXBuildFile; fileRef = C6BA9C062C9FDE230050E58B /* Preview Assets.xcassets */; };
		C6BA9C112C9FDE230050E58B /* GitHubSampleTests.swift in Sources */ = {isa = PBXBuildFile; fileRef = C6BA9C102C9FDE230050E58B /* GitHubSampleTests.swift */; };
		C6BA9C1B2C9FDE230050E58B /* GitHubSampleUITests.swift in Sources */ = {isa = PBXBuildFile; fileRef = C6BA9C1A2C9FDE230050E58B /* GitHubSampleUITests.swift */; };
		C6BA9C1D2C9FDE230050E58B /* GitHubSampleUITestsLaunchTests.swift in Sources */ = {isa = PBXBuildFile; fileRef = C6BA9C1C2C9FDE230050E58B /* GitHubSampleUITestsLaunchTests.swift */; };
/* End PBXBuildFile section */

/* Begin PBXContainerItemProxy section */
		C6BA9C0D2C9FDE230050E58B /* PBXContainerItemProxy */ = {
			isa = PBXContainerItemProxy;
			containerPortal = C6BA9BF32C9FDE200050E58B /* Project object */;
			proxyType = 1;
			remoteGlobalIDString = C6BA9BFA2C9FDE200050E58B;
			remoteInfo = GitHubSample;
		};
		C6BA9C172C9FDE230050E58B /* PBXContainerItemProxy */ = {
			isa = PBXContainerItemProxy;
			containerPortal = C6BA9BF32C9FDE200050E58B /* Project object */;
			proxyType = 1;
			remoteGlobalIDString = C6BA9BFA2C9FDE200050E58B;
			remoteInfo = GitHubSample;
		};
/* End PBXContainerItemProxy section */

/* Begin PBXFileReference section */
		C6BA9BFB2C9FDE200050E58B /* GitHubSample.app */ = {isa = PBXFileReference; explicitFileType = wrapper.application; includeInIndex = 0; path = GitHubSample.app; sourceTree = BUILT_PRODUCTS_DIR; };
		C6BA9BFE2C9FDE200050E58B /* GitHubSampleApp.swift */ = {isa = PBXFileReference; lastKnownFileType = sourcecode.swift; path = GitHubSampleApp.swift; sourceTree = "<group>"; };
		C6BA9C002C9FDE200050E58B /* ContentView.swift */ = {isa = PBXFileReference; lastKnownFileType = sourcecode.swift; path = ContentView.swift; sourceTree = "<group>"; };
		C6BA9C022C9FDE230050E58B /* Assets.xcassets */ = {isa = PBXFileReference; lastKnownFileType = folder.assetcatalog; path = Assets.xcassets; sourceTree = "<group>"; };
		C6BA9C042C9FDE230050E58B /* GitHubSample.entitlements */ = {isa = PBXFileReference; lastKnownFileType = text.plist.entitlements; path = GitHubSample.entitlements; sourceTree = "<group>"; };
		C6BA9C062C9FDE230050E58B /* Preview Assets.xcassets */ = {isa = PBXFileReference; lastKnownFileType = folder.assetcatalog; path = "Preview Assets.xcassets"; sourceTree = "<group>"; };
		C6BA9C0C2C9FDE230050E58B /* GitHubSampleTests.xctest */ = {isa = PBXFileReference; explicitFileType = wrapper.cfbundle; includeInIndex = 0; path = GitHubSampleTests.xctest; sourceTree = BUILT_PRODUCTS_DIR; };
		C6BA9C102C9FDE230050E58B /* GitHubSampleTests.swift */ = {isa = PBXFileReference; lastKnownFileType = sourcecode.swift; path = GitHubSampleTests.swift; sourceTree = "<group>"; };
		C6BA9C162C9FDE230050E58B /* GitHubSampleUITests.xctest */ = {isa = PBXFileReference; explicitFileType = wrapper.cfbundle; includeInIndex = 0; path = GitHubSampleUITests.xctest; sourceTree = BUILT_PRODUCTS_DIR; };
		C6BA9C1A2C9FDE230050E58B /* GitHubSampleUITests.swift */ = {isa = PBXFileReference; lastKnownFileType = sourcecode.swift; path = GitHubSampleUITests.swift; sourceTree = "<group>"; };
		C6BA9C1C2C9FDE230050E58B /* GitHubSampleUITestsLaunchTests.swift */ = {isa = PBXFileReference; lastKnownFileType = sourcecode.swift; path = GitHubSampleUITestsLaunchTests.swift; sourceTree = "<group>"; };
		C6BA9C2B2C9FDEC10050E58B /* BuildTools */ = {isa = PBXFileReference; lastKnownFileType = wrapper; path = BuildTools; sourceTree = "<group>"; };
/* End PBXFileReference section */

/* Begin PBXFrameworksBuildPhase section */
		C6BA9BF82C9FDE200050E58B /* Frameworks */ = {
			isa = PBXFrameworksBuildPhase;
			buildActionMask = 2147483647;
			files = (
			);
			runOnlyForDeploymentPostprocessing = 0;
		};
		C6BA9C092C9FDE230050E58B /* Frameworks */ = {
			isa = PBXFrameworksBuildPhase;
			buildActionMask = 2147483647;
			files = (
			);
			runOnlyForDeploymentPostprocessing = 0;
		};
		C6BA9C132C9FDE230050E58B /* Frameworks */ = {
			isa = PBXFrameworksBuildPhase;
			buildActionMask = 2147483647;
			files = (
			);
			runOnlyForDeploymentPostprocessing = 0;
		};
/* End PBXFrameworksBuildPhase section */

/* Begin PBXGroup section */
		C6BA9BF22C9FDE200050E58B = {
			isa = PBXGroup;
			children = (
				C6BA9C2B2C9FDEC10050E58B /* BuildTools */,
				C6BA9BFD2C9FDE200050E58B /* GitHubSample */,
				C6BA9C0F2C9FDE230050E58B /* GitHubSampleTests */,
				C6BA9C192C9FDE230050E58B /* GitHubSampleUITests */,
				C6BA9BFC2C9FDE200050E58B /* Products */,
			);
			sourceTree = "<group>";
		};
		C6BA9BFC2C9FDE200050E58B /* Products */ = {
			isa = PBXGroup;
			children = (
				C6BA9BFB2C9FDE200050E58B /* GitHubSample.app */,
				C6BA9C0C2C9FDE230050E58B /* GitHubSampleTests.xctest */,
				C6BA9C162C9FDE230050E58B /* GitHubSampleUITests.xctest */,
			);
			name = Products;
			sourceTree = "<group>";
		};
		C6BA9BFD2C9FDE200050E58B /* GitHubSample */ = {
			isa = PBXGroup;
			children = (
				C6BA9BFE2C9FDE200050E58B /* GitHubSampleApp.swift */,
				C6BA9C002C9FDE200050E58B /* ContentView.swift */,
				C6BA9C022C9FDE230050E58B /* Assets.xcassets */,
				C6BA9C042C9FDE230050E58B /* GitHubSample.entitlements */,
				C6BA9C052C9FDE230050E58B /* Preview Content */,
			);
			path = GitHubSample;
			sourceTree = "<group>";
		};
		C6BA9C052C9FDE230050E58B /* Preview Content */ = {
			isa = PBXGroup;
			children = (
				C6BA9C062C9FDE230050E58B /* Preview Assets.xcassets */,
			);
			path = "Preview Content";
			sourceTree = "<group>";
		};
		C6BA9C0F2C9FDE230050E58B /* GitHubSampleTests */ = {
			isa = PBXGroup;
			children = (
				C6BA9C102C9FDE230050E58B /* GitHubSampleTests.swift */,
			);
			path = GitHubSampleTests;
			sourceTree = "<group>";
		};
		C6BA9C192C9FDE230050E58B /* GitHubSampleUITests */ = {
			isa = PBXGroup;
			children = (
				C6BA9C1A2C9FDE230050E58B /* GitHubSampleUITests.swift */,
				C6BA9C1C2C9FDE230050E58B /* GitHubSampleUITestsLaunchTests.swift */,
			);
			path = GitHubSampleUITests;
			sourceTree = "<group>";
		};
/* End PBXGroup section */

/* Begin PBXNativeTarget section */
		C6BA9BFA2C9FDE200050E58B /* GitHubSample */ = {
			isa = PBXNativeTarget;
			buildConfigurationList = C6BA9C202C9FDE230050E58B /* Build configuration list for PBXNativeTarget "GitHubSample" */;
			buildPhases = (
				C6BA9C292C9FDE7D0050E58B /* Run SwiftFormat */,
				C6BA9BF72C9FDE200050E58B /* Sources */,
				C6BA9BF82C9FDE200050E58B /* Frameworks */,
				C6BA9BF92C9FDE200050E58B /* Resources */,
			);
			buildRules = (
			);
			dependencies = (
			);
			name = GitHubSample;
			productName = GitHubSample;
			productReference = C6BA9BFB2C9FDE200050E58B /* GitHubSample.app */;
			productType = "com.apple.product-type.application";
		};
		C6BA9C0B2C9FDE230050E58B /* GitHubSampleTests */ = {
			isa = PBXNativeTarget;
			buildConfigurationList = C6BA9C232C9FDE230050E58B /* Build configuration list for PBXNativeTarget "GitHubSampleTests" */;
			buildPhases = (
				C6BA9C082C9FDE230050E58B /* Sources */,
				C6BA9C092C9FDE230050E58B /* Frameworks */,
				C6BA9C0A2C9FDE230050E58B /* Resources */,
			);
			buildRules = (
			);
			dependencies = (
				C6BA9C0E2C9FDE230050E58B /* PBXTargetDependency */,
			);
			name = GitHubSampleTests;
			productName = GitHubSampleTests;
			productReference = C6BA9C0C2C9FDE230050E58B /* GitHubSampleTests.xctest */;
			productType = "com.apple.product-type.bundle.unit-test";
		};
		C6BA9C152C9FDE230050E58B /* GitHubSampleUITests */ = {
			isa = PBXNativeTarget;
			buildConfigurationList = C6BA9C262C9FDE230050E58B /* Build configuration list for PBXNativeTarget "GitHubSampleUITests" */;
			buildPhases = (
				C6BA9C122C9FDE230050E58B /* Sources */,
				C6BA9C132C9FDE230050E58B /* Frameworks */,
				C6BA9C142C9FDE230050E58B /* Resources */,
			);
			buildRules = (
			);
			dependencies = (
				C6BA9C182C9FDE230050E58B /* PBXTargetDependency */,
			);
			name = GitHubSampleUITests;
			productName = GitHubSampleUITests;
			productReference = C6BA9C162C9FDE230050E58B /* GitHubSampleUITests.xctest */;
			productType = "com.apple.product-type.bundle.ui-testing";
		};
/* End PBXNativeTarget section */

/* Begin PBXProject section */
		C6BA9BF32C9FDE200050E58B /* Project object */ = {
			isa = PBXProject;
			attributes = {
				BuildIndependentTargetsInParallel = 1;
				LastSwiftUpdateCheck = 1540;
				LastUpgradeCheck = 1540;
				TargetAttributes = {
					C6BA9BFA2C9FDE200050E58B = {
						CreatedOnToolsVersion = 15.4;
					};
					C6BA9C0B2C9FDE230050E58B = {
						CreatedOnToolsVersion = 15.4;
						TestTargetID = C6BA9BFA2C9FDE200050E58B;
					};
					C6BA9C152C9FDE230050E58B = {
						CreatedOnToolsVersion = 15.4;
						TestTargetID = C6BA9BFA2C9FDE200050E58B;
					};
				};
			};
			buildConfigurationList = C6BA9BF62C9FDE200050E58B /* Build configuration list for PBXProject "GitHubSample" */;
			compatibilityVersion = "Xcode 14.0";
			developmentRegion = en;
			hasScannedForEncodings = 0;
			knownRegions = (
				en,
				Base,
			);
			mainGroup = C6BA9BF22C9FDE200050E58B;
			packageReferences = (
				C6BA9C2A2C9FDEB00050E58B /* XCRemoteSwiftPackageReference "SwiftFormat" */,
			);
			productRefGroup = C6BA9BFC2C9FDE200050E58B /* Products */;
			projectDirPath = "";
			projectRoot = "";
			targets = (
				C6BA9BFA2C9FDE200050E58B /* GitHubSample */,
				C6BA9C0B2C9FDE230050E58B /* GitHubSampleTests */,
				C6BA9C152C9FDE230050E58B /* GitHubSampleUITests */,
			);
		};
/* End PBXProject section */

/* Begin PBXResourcesBuildPhase section */
		C6BA9BF92C9FDE200050E58B /* Resources */ = {
			isa = PBXResourcesBuildPhase;
			buildActionMask = 2147483647;
			files = (
				C6BA9C072C9FDE230050E58B /* Preview Assets.xcassets in Resources */,
				C6BA9C032C9FDE230050E58B /* Assets.xcassets in Resources */,
			);
			runOnlyForDeploymentPostprocessing = 0;
		};
		C6BA9C0A2C9FDE230050E58B /* Resources */ = {
			isa = PBXResourcesBuildPhase;
			buildActionMask = 2147483647;
			files = (
			);
			runOnlyForDeploymentPostprocessing = 0;
		};
		C6BA9C142C9FDE230050E58B /* Resources */ = {
			isa = PBXResourcesBuildPhase;
			buildActionMask = 2147483647;
			files = (
			);
			runOnlyForDeploymentPostprocessing = 0;
		};
/* End PBXResourcesBuildPhase section */

/* Begin PBXShellScriptBuildPhase section */
		C6BA9C292C9FDE7D0050E58B /* Run SwiftFormat */ = {
			isa = PBXShellScriptBuildPhase;
			alwaysOutOfDate = 1;
			buildActionMask = 2147483647;
			files = (
			);
			inputFileListPaths = (
			);
			inputPaths = (
			);
			name = "Run SwiftFormat";
			outputFileListPaths = (
			);
			outputPaths = (
			);
			runOnlyForDeploymentPostprocessing = 0;
			shellPath = /bin/sh;
			shellScript = "# Type a script or drag a script file from your workspace to insert its path.\ncd BuildTools\nSDKROOT=(xcrun --sdk macosx --show-sdk-path)\n#swift package update #Uncomment this line temporarily to update the version used to the latest matching your BuildTools/Package.swift file\nswift run -c release swiftformat \"$SRCROOT\" --swiftversion ${SWIFT_VERSION:-\"default\"}\n";
		};
/* End PBXShellScriptBuildPhase section */

/* Begin PBXSourcesBuildPhase section */
		C6BA9BF72C9FDE200050E58B /* Sources */ = {
			isa = PBXSourcesBuildPhase;
			buildActionMask = 2147483647;
			files = (
				C6BA9C012C9FDE200050E58B /* ContentView.swift in Sources */,
				C6BA9BFF2C9FDE200050E58B /* GitHubSampleApp.swift in Sources */,
			);
			runOnlyForDeploymentPostprocessing = 0;
		};
		C6BA9C082C9FDE230050E58B /* Sources */ = {
			isa = PBXSourcesBuildPhase;
			buildActionMask = 2147483647;
			files = (
				C6BA9C112C9FDE230050E58B /* GitHubSampleTests.swift in Sources */,
			);
			runOnlyForDeploymentPostprocessing = 0;
		};
		C6BA9C122C9FDE230050E58B /* Sources */ = {
			isa = PBXSourcesBuildPhase;
			buildActionMask = 2147483647;
			files = (
				C6BA9C1B2C9FDE230050E58B /* GitHubSampleUITests.swift in Sources */,
				C6BA9C1D2C9FDE230050E58B /* GitHubSampleUITestsLaunchTests.swift in Sources */,
			);
			runOnlyForDeploymentPostprocessing = 0;
		};
/* End PBXSourcesBuildPhase section */

/* Begin PBXTargetDependency section */
		C6BA9C0E2C9FDE230050E58B /* PBXTargetDependency */ = {
			isa = PBXTargetDependency;
			target = C6BA9BFA2C9FDE200050E58B /* GitHubSample */;
			targetProxy = C6BA9C0D2C9FDE230050E58B /* PBXContainerItemProxy */;
		};
		C6BA9C182C9FDE230050E58B /* PBXTargetDependency */ = {
			isa = PBXTargetDependency;
			target = C6BA9BFA2C9FDE200050E58B /* GitHubSample */;
			targetProxy = C6BA9C172C9FDE230050E58B /* PBXContainerItemProxy */;
		};
/* End PBXTargetDependency section */

/* Begin XCBuildConfiguration section */
		C6BA9C1E2C9FDE230050E58B /* Debug */ = {
			isa = XCBuildConfiguration;
			buildSettings = {
				ALWAYS_SEARCH_USER_PATHS = NO;
				ASSETCATALOG_COMPILER_GENERATE_SWIFT_ASSET_SYMBOL_EXTENSIONS = YES;
				CLANG_ANALYZER_NONNULL = YES;
				CLANG_ANALYZER_NUMBER_OBJECT_CONVERSION = YES_AGGRESSIVE;
				CLANG_CXX_LANGUAGE_STANDARD = "gnu++20";
				CLANG_ENABLE_MODULES = YES;
				CLANG_ENABLE_OBJC_ARC = YES;
				CLANG_ENABLE_OBJC_WEAK = YES;
				CLANG_WARN_BLOCK_CAPTURE_AUTORELEASING = YES;
				CLANG_WARN_BOOL_CONVERSION = YES;
				CLANG_WARN_COMMA = YES;
				CLANG_WARN_CONSTANT_CONVERSION = YES;
				CLANG_WARN_DEPRECATED_OBJC_IMPLEMENTATIONS = YES;
				CLANG_WARN_DIRECT_OBJC_ISA_USAGE = YES_ERROR;
				CLANG_WARN_DOCUMENTATION_COMMENTS = YES;
				CLANG_WARN_EMPTY_BODY = YES;
				CLANG_WARN_ENUM_CONVERSION = YES;
				CLANG_WARN_INFINITE_RECURSION = YES;
				CLANG_WARN_INT_CONVERSION = YES;
				CLANG_WARN_NON_LITERAL_NULL_CONVERSION = YES;
				CLANG_WARN_OBJC_IMPLICIT_RETAIN_SELF = YES;
				CLANG_WARN_OBJC_LITERAL_CONVERSION = YES;
				CLANG_WARN_OBJC_ROOT_CLASS = YES_ERROR;
				CLANG_WARN_QUOTED_INCLUDE_IN_FRAMEWORK_HEADER = YES;
				CLANG_WARN_RANGE_LOOP_ANALYSIS = YES;
				CLANG_WARN_STRICT_PROTOTYPES = YES;
				CLANG_WARN_SUSPICIOUS_MOVE = YES;
				CLANG_WARN_UNGUARDED_AVAILABILITY = YES_AGGRESSIVE;
				CLANG_WARN_UNREACHABLE_CODE = YES;
				CLANG_WARN__DUPLICATE_METHOD_MATCH = YES;
				COPY_PHASE_STRIP = NO;
				DEBUG_INFORMATION_FORMAT = dwarf;
				ENABLE_STRICT_OBJC_MSGSEND = YES;
				ENABLE_TESTABILITY = YES;
				ENABLE_USER_SCRIPT_SANDBOXING = YES;
				GCC_C_LANGUAGE_STANDARD = gnu17;
				GCC_DYNAMIC_NO_PIC = NO;
				GCC_NO_COMMON_BLOCKS = YES;
				GCC_OPTIMIZATION_LEVEL = 0;
				GCC_PREPROCESSOR_DEFINITIONS = (
					"DEBUG=1",
					"$(inherited)",
				);
				GCC_WARN_64_TO_32_BIT_CONVERSION = YES;
				GCC_WARN_ABOUT_RETURN_TYPE = YES_ERROR;
				GCC_WARN_UNDECLARED_SELECTOR = YES;
				GCC_WARN_UNINITIALIZED_AUTOS = YES_AGGRESSIVE;
				GCC_WARN_UNUSED_FUNCTION = YES;
				GCC_WARN_UNUSED_VARIABLE = YES;
				LOCALIZATION_PREFERS_STRING_CATALOGS = YES;
				MTL_ENABLE_DEBUG_INFO = INCLUDE_SOURCE;
				MTL_FAST_MATH = YES;
				ONLY_ACTIVE_ARCH = YES;
				SWIFT_ACTIVE_COMPILATION_CONDITIONS = "DEBUG $(inherited)";
				SWIFT_OPTIMIZATION_LEVEL = "-Onone";
			};
			name = Debug;
		};
		C6BA9C1F2C9FDE230050E58B /* Release */ = {
			isa = XCBuildConfiguration;
			buildSettings = {
				ALWAYS_SEARCH_USER_PATHS = NO;
				ASSETCATALOG_COMPILER_GENERATE_SWIFT_ASSET_SYMBOL_EXTENSIONS = YES;
				CLANG_ANALYZER_NONNULL = YES;
				CLANG_ANALYZER_NUMBER_OBJECT_CONVERSION = YES_AGGRESSIVE;
				CLANG_CXX_LANGUAGE_STANDARD = "gnu++20";
				CLANG_ENABLE_MODULES = YES;
				CLANG_ENABLE_OBJC_ARC = YES;
				CLANG_ENABLE_OBJC_WEAK = YES;
				CLANG_WARN_BLOCK_CAPTURE_AUTORELEASING = YES;
				CLANG_WARN_BOOL_CONVERSION = YES;
				CLANG_WARN_COMMA = YES;
				CLANG_WARN_CONSTANT_CONVERSION = YES;
				CLANG_WARN_DEPRECATED_OBJC_IMPLEMENTATIONS = YES;
				CLANG_WARN_DIRECT_OBJC_ISA_USAGE = YES_ERROR;
				CLANG_WARN_DOCUMENTATION_COMMENTS = YES;
				CLANG_WARN_EMPTY_BODY = YES;
				CLANG_WARN_ENUM_CONVERSION = YES;
				CLANG_WARN_INFINITE_RECURSION = YES;
				CLANG_WARN_INT_CONVERSION = YES;
				CLANG_WARN_NON_LITERAL_NULL_CONVERSION = YES;
				CLANG_WARN_OBJC_IMPLICIT_RETAIN_SELF = YES;
				CLANG_WARN_OBJC_LITERAL_CONVERSION = YES;
				CLANG_WARN_OBJC_ROOT_CLASS = YES_ERROR;
				CLANG_WARN_QUOTED_INCLUDE_IN_FRAMEWORK_HEADER = YES;
				CLANG_WARN_RANGE_LOOP_ANALYSIS = YES;
				CLANG_WARN_STRICT_PROTOTYPES = YES;
				CLANG_WARN_SUSPICIOUS_MOVE = YES;
				CLANG_WARN_UNGUARDED_AVAILABILITY = YES_AGGRESSIVE;
				CLANG_WARN_UNREACHABLE_CODE = YES;
				CLANG_WARN__DUPLICATE_METHOD_MATCH = YES;
				COPY_PHASE_STRIP = NO;
				DEBUG_INFORMATION_FORMAT = "dwarf-with-dsym";
				ENABLE_NS_ASSERTIONS = NO;
				ENABLE_STRICT_OBJC_MSGSEND = YES;
				ENABLE_USER_SCRIPT_SANDBOXING = YES;
				GCC_C_LANGUAGE_STANDARD = gnu17;
				GCC_NO_COMMON_BLOCKS = YES;
				GCC_WARN_64_TO_32_BIT_CONVERSION = YES;
				GCC_WARN_ABOUT_RETURN_TYPE = YES_ERROR;
				GCC_WARN_UNDECLARED_SELECTOR = YES;
				GCC_WARN_UNINITIALIZED_AUTOS = YES_AGGRESSIVE;
				GCC_WARN_UNUSED_FUNCTION = YES;
				GCC_WARN_UNUSED_VARIABLE = YES;
				LOCALIZATION_PREFERS_STRING_CATALOGS = YES;
				MTL_ENABLE_DEBUG_INFO = NO;
				MTL_FAST_MATH = YES;
				SWIFT_COMPILATION_MODE = wholemodule;
			};
			name = Release;
		};
		C6BA9C212C9FDE230050E58B /* Debug */ = {
			isa = XCBuildConfiguration;
			buildSettings = {
				ASSETCATALOG_COMPILER_APPICON_NAME = AppIcon;
				ASSETCATALOG_COMPILER_GLOBAL_ACCENT_COLOR_NAME = AccentColor;
				CODE_SIGN_ENTITLEMENTS = GitHubSample/GitHubSample.entitlements;
				CODE_SIGN_STYLE = Automatic;
				CURRENT_PROJECT_VERSION = 1;
				DEVELOPMENT_ASSET_PATHS = "\"GitHubSample/Preview Content\"";
				DEVELOPMENT_TEAM = U38WFWB5D6;
				ENABLE_HARDENED_RUNTIME = YES;
				ENABLE_PREVIEWS = YES;
				ENABLE_USER_SCRIPT_SANDBOXING = NO;
				GENERATE_INFOPLIST_FILE = YES;
				"INFOPLIST_KEY_UIApplicationSceneManifest_Generation[sdk=iphoneos*]" = YES;
				"INFOPLIST_KEY_UIApplicationSceneManifest_Generation[sdk=iphonesimulator*]" = YES;
				"INFOPLIST_KEY_UIApplicationSupportsIndirectInputEvents[sdk=iphoneos*]" = YES;
				"INFOPLIST_KEY_UIApplicationSupportsIndirectInputEvents[sdk=iphonesimulator*]" = YES;
				"INFOPLIST_KEY_UILaunchScreen_Generation[sdk=iphoneos*]" = YES;
				"INFOPLIST_KEY_UILaunchScreen_Generation[sdk=iphonesimulator*]" = YES;
				"INFOPLIST_KEY_UIStatusBarStyle[sdk=iphoneos*]" = UIStatusBarStyleDefault;
				"INFOPLIST_KEY_UIStatusBarStyle[sdk=iphonesimulator*]" = UIStatusBarStyleDefault;
				INFOPLIST_KEY_UISupportedInterfaceOrientations_iPad = "UIInterfaceOrientationPortrait UIInterfaceOrientationPortraitUpsideDown UIInterfaceOrientationLandscapeLeft UIInterfaceOrientationLandscapeRight";
				INFOPLIST_KEY_UISupportedInterfaceOrientations_iPhone = "UIInterfaceOrientationPortrait UIInterfaceOrientationLandscapeLeft UIInterfaceOrientationLandscapeRight";
				IPHONEOS_DEPLOYMENT_TARGET = 17.5;
				LD_RUNPATH_SEARCH_PATHS = "@executable_path/Frameworks";
				"LD_RUNPATH_SEARCH_PATHS[sdk=macosx*]" = "@executable_path/../Frameworks";
				MACOSX_DEPLOYMENT_TARGET = 14.5;
				MARKETING_VERSION = 1.0;
				PRODUCT_BUNDLE_IDENTIFIER = jp.aryzae.GitHubSample;
				PRODUCT_NAME = "$(TARGET_NAME)";
				SDKROOT = auto;
				SUPPORTED_PLATFORMS = "iphoneos iphonesimulator macosx";
				SWIFT_EMIT_LOC_STRINGS = YES;
				SWIFT_VERSION = 5.0;
				TARGETED_DEVICE_FAMILY = "1,2";
			};
			name = Debug;
		};
		C6BA9C222C9FDE230050E58B /* Release */ = {
			isa = XCBuildConfiguration;
			buildSettings = {
				ASSETCATALOG_COMPILER_APPICON_NAME = AppIcon;
				ASSETCATALOG_COMPILER_GLOBAL_ACCENT_COLOR_NAME = AccentColor;
				CODE_SIGN_ENTITLEMENTS = GitHubSample/GitHubSample.entitlements;
				CODE_SIGN_STYLE = Automatic;
				CURRENT_PROJECT_VERSION = 1;
				DEVELOPMENT_ASSET_PATHS = "\"GitHubSample/Preview Content\"";
				DEVELOPMENT_TEAM = U38WFWB5D6;
				ENABLE_HARDENED_RUNTIME = YES;
				ENABLE_PREVIEWS = YES;
				ENABLE_USER_SCRIPT_SANDBOXING = NO;
				GENERATE_INFOPLIST_FILE = YES;
				"INFOPLIST_KEY_UIApplicationSceneManifest_Generation[sdk=iphoneos*]" = YES;
				"INFOPLIST_KEY_UIApplicationSceneManifest_Generation[sdk=iphonesimulator*]" = YES;
				"INFOPLIST_KEY_UIApplicationSupportsIndirectInputEvents[sdk=iphoneos*]" = YES;
				"INFOPLIST_KEY_UIApplicationSupportsIndirectInputEvents[sdk=iphonesimulator*]" = YES;
				"INFOPLIST_KEY_UILaunchScreen_Generation[sdk=iphoneos*]" = YES;
				"INFOPLIST_KEY_UILaunchScreen_Generation[sdk=iphonesimulator*]" = YES;
				"INFOPLIST_KEY_UIStatusBarStyle[sdk=iphoneos*]" = UIStatusBarStyleDefault;
				"INFOPLIST_KEY_UIStatusBarStyle[sdk=iphonesimulator*]" = UIStatusBarStyleDefault;
				INFOPLIST_KEY_UISupportedInterfaceOrientations_iPad = "UIInterfaceOrientationPortrait UIInterfaceOrientationPortraitUpsideDown UIInterfaceOrientationLandscapeLeft UIInterfaceOrientationLandscapeRight";
				INFOPLIST_KEY_UISupportedInterfaceOrientations_iPhone = "UIInterfaceOrientationPortrait UIInterfaceOrientationLandscapeLeft UIInterfaceOrientationLandscapeRight";
				IPHONEOS_DEPLOYMENT_TARGET = 17.5;
				LD_RUNPATH_SEARCH_PATHS = "@executable_path/Frameworks";
				"LD_RUNPATH_SEARCH_PATHS[sdk=macosx*]" = "@executable_path/../Frameworks";
				MACOSX_DEPLOYMENT_TARGET = 14.5;
				MARKETING_VERSION = 1.0;
				PRODUCT_BUNDLE_IDENTIFIER = jp.aryzae.GitHubSample;
				PRODUCT_NAME = "$(TARGET_NAME)";
				SDKROOT = auto;
				SUPPORTED_PLATFORMS = "iphoneos iphonesimulator macosx";
				SWIFT_EMIT_LOC_STRINGS = YES;
				SWIFT_VERSION = 5.0;
				TARGETED_DEVICE_FAMILY = "1,2";
			};
			name = Release;
		};
		C6BA9C242C9FDE230050E58B /* Debug */ = {
			isa = XCBuildConfiguration;
			buildSettings = {
				ALWAYS_EMBED_SWIFT_STANDARD_LIBRARIES = YES;
				BUNDLE_LOADER = "$(TEST_HOST)";
				CODE_SIGN_STYLE = Automatic;
				CURRENT_PROJECT_VERSION = 1;
				DEVELOPMENT_TEAM = U38WFWB5D6;
				GENERATE_INFOPLIST_FILE = YES;
				IPHONEOS_DEPLOYMENT_TARGET = 17.5;
				MACOSX_DEPLOYMENT_TARGET = 14.5;
				MARKETING_VERSION = 1.0;
				PRODUCT_BUNDLE_IDENTIFIER = jp.aryzae.GitHubSampleTests;
				PRODUCT_NAME = "$(TARGET_NAME)";
				SDKROOT = auto;
				SUPPORTED_PLATFORMS = "iphoneos iphonesimulator macosx";
				SWIFT_EMIT_LOC_STRINGS = NO;
				SWIFT_VERSION = 5.0;
				TARGETED_DEVICE_FAMILY = "1,2";
				TEST_HOST = "$(BUILT_PRODUCTS_DIR)/GitHubSample.app/$(BUNDLE_EXECUTABLE_FOLDER_PATH)/GitHubSample";
			};
			name = Debug;
		};
		C6BA9C252C9FDE230050E58B /* Release */ = {
			isa = XCBuildConfiguration;
			buildSettings = {
				ALWAYS_EMBED_SWIFT_STANDARD_LIBRARIES = YES;
				BUNDLE_LOADER = "$(TEST_HOST)";
				CODE_SIGN_STYLE = Automatic;
				CURRENT_PROJECT_VERSION = 1;
				DEVELOPMENT_TEAM = U38WFWB5D6;
				GENERATE_INFOPLIST_FILE = YES;
				IPHONEOS_DEPLOYMENT_TARGET = 17.5;
				MACOSX_DEPLOYMENT_TARGET = 14.5;
				MARKETING_VERSION = 1.0;
				PRODUCT_BUNDLE_IDENTIFIER = jp.aryzae.GitHubSampleTests;
				PRODUCT_NAME = "$(TARGET_NAME)";
				SDKROOT = auto;
				SUPPORTED_PLATFORMS = "iphoneos iphonesimulator macosx";
				SWIFT_EMIT_LOC_STRINGS = NO;
				SWIFT_VERSION = 5.0;
				TARGETED_DEVICE_FAMILY = "1,2";
				TEST_HOST = "$(BUILT_PRODUCTS_DIR)/GitHubSample.app/$(BUNDLE_EXECUTABLE_FOLDER_PATH)/GitHubSample";
			};
			name = Release;
		};
		C6BA9C272C9FDE230050E58B /* Debug */ = {
			isa = XCBuildConfiguration;
			buildSettings = {
				ALWAYS_EMBED_SWIFT_STANDARD_LIBRARIES = YES;
				CODE_SIGN_STYLE = Automatic;
				CURRENT_PROJECT_VERSION = 1;
				DEVELOPMENT_TEAM = U38WFWB5D6;
				GENERATE_INFOPLIST_FILE = YES;
				IPHONEOS_DEPLOYMENT_TARGET = 17.5;
				MACOSX_DEPLOYMENT_TARGET = 14.5;
				MARKETING_VERSION = 1.0;
				PRODUCT_BUNDLE_IDENTIFIER = jp.aryzae.GitHubSampleUITests;
				PRODUCT_NAME = "$(TARGET_NAME)";
				SDKROOT = auto;
				SUPPORTED_PLATFORMS = "iphoneos iphonesimulator macosx";
				SWIFT_EMIT_LOC_STRINGS = NO;
				SWIFT_VERSION = 5.0;
				TARGETED_DEVICE_FAMILY = "1,2";
				TEST_TARGET_NAME = GitHubSample;
			};
			name = Debug;
		};
		C6BA9C282C9FDE230050E58B /* Release */ = {
			isa = XCBuildConfiguration;
			buildSettings = {
				ALWAYS_EMBED_SWIFT_STANDARD_LIBRARIES = YES;
				CODE_SIGN_STYLE = Automatic;
				CURRENT_PROJECT_VERSION = 1;
				DEVELOPMENT_TEAM = U38WFWB5D6;
				GENERATE_INFOPLIST_FILE = YES;
				IPHONEOS_DEPLOYMENT_TARGET = 17.5;
				MACOSX_DEPLOYMENT_TARGET = 14.5;
				MARKETING_VERSION = 1.0;
				PRODUCT_BUNDLE_IDENTIFIER = jp.aryzae.GitHubSampleUITests;
				PRODUCT_NAME = "$(TARGET_NAME)";
				SDKROOT = auto;
				SUPPORTED_PLATFORMS = "iphoneos iphonesimulator macosx";
				SWIFT_EMIT_LOC_STRINGS = NO;
				SWIFT_VERSION = 5.0;
				TARGETED_DEVICE_FAMILY = "1,2";
				TEST_TARGET_NAME = GitHubSample;
			};
			name = Release;
		};
/* End XCBuildConfiguration section */

/* Begin XCConfigurationList section */
		C6BA9BF62C9FDE200050E58B /* Build configuration list for PBXProject "GitHubSample" */ = {
			isa = XCConfigurationList;
			buildConfigurations = (
				C6BA9C1E2C9FDE230050E58B /* Debug */,
				C6BA9C1F2C9FDE230050E58B /* Release */,
			);
			defaultConfigurationIsVisible = 0;
			defaultConfigurationName = Release;
		};
		C6BA9C202C9FDE230050E58B /* Build configuration list for PBXNativeTarget "GitHubSample" */ = {
			isa = XCConfigurationList;
			buildConfigurations = (
				C6BA9C212C9FDE230050E58B /* Debug */,
				C6BA9C222C9FDE230050E58B /* Release */,
			);
			defaultConfigurationIsVisible = 0;
			defaultConfigurationName = Release;
		};
		C6BA9C232C9FDE230050E58B /* Build configuration list for PBXNativeTarget "GitHubSampleTests" */ = {
			isa = XCConfigurationList;
			buildConfigurations = (
				C6BA9C242C9FDE230050E58B /* Debug */,
				C6BA9C252C9FDE230050E58B /* Release */,
			);
			defaultConfigurationIsVisible = 0;
			defaultConfigurationName = Release;
		};
		C6BA9C262C9FDE230050E58B /* Build configuration list for PBXNativeTarget "GitHubSampleUITests" */ = {
			isa = XCConfigurationList;
			buildConfigurations = (
				C6BA9C272C9FDE230050E58B /* Debug */,
				C6BA9C282C9FDE230050E58B /* Release */,
			);
			defaultConfigurationIsVisible = 0;
			defaultConfigurationName = Release;
		};
/* End XCConfigurationList section */

/* Begin XCRemoteSwiftPackageReference section */
		C6BA9C2A2C9FDEB00050E58B /* XCRemoteSwiftPackageReference "SwiftFormat" */ = {
			isa = XCRemoteSwiftPackageReference;
			repositoryURL = "https://github.com/nicklockwood/SwiftFormat.git";
			requirement = {
				kind = upToNextMajorVersion;
				minimumVersion = 0.54.5;
			};
		};
/* End XCRemoteSwiftPackageReference section */
	};
	rootObject = C6BA9BF32C9FDE200050E58B /* Project object */;
}
